
Microsoft Visual Studio Solution File, Format Version 12.00
# Visual Studio Version 18
VisualStudioVersion = 18.0.11123.170
MinimumVisualStudioVersion = 10.0.40219.1
Project("{FAE04EC0-301F-11D3-BF4B-00C04F79EFBC}") = "Sany3y", "Sany3y\Sany3y.csproj", "{722400ED-9816-43F7-B6C3-64F3D3426B3B}"
EndProject
Project("{FAE04EC0-301F-11D3-BF4B-00C04F79EFBC}") = "Sany3y.Infrastructure", "Sany3y.Infrastructure\Sany3y.Infrastructure.csproj", "{FF92378B-061C-41E8-86A1-94D5F013FC65}"
EndProject
Project("{FAE04EC0-301F-11D3-BF4B-00C04F79EFBC}") = "Sany3y.API", "Sany3y.API\Sany3y.API.csproj", "{FF7AB2C1-F061-4B7B-9601-BA55D550EFB5}"
EndProject
Global
	GlobalSection(SolutionConfigurationPlatforms) = preSolution
		Debug|Any CPU = Debug|Any CPU
		Release|Any CPU = Release|Any CPU
	EndGlobalSection
	GlobalSection(ProjectConfigurationPlatforms) = postSolution
		{722400ED-9816-43F7-B6C3-64F3D3426B3B}.Debug|Any CPU.ActiveCfg = Debug|Any CPU
		{722400ED-9816-43F7-B6C3-64F3D3426B3B}.Debug|Any CPU.Build.0 = Debug|Any CPU
		{722400ED-9816-43F7-B6C3-64F3D3426B3B}.Release|Any CPU.ActiveCfg = Release|Any CPU
		{722400ED-9816-43F7-B6C3-64F3D3426B3B}.Release|Any CPU.Build.0 = Release|Any CPU
		{FF92378B-061C-41E8-86A1-94D5F013FC65}.Debug|Any CPU.ActiveCfg = Debug|Any CPU
		{FF92378B-061C-41E8-86A1-94D5F013FC65}.Debug|Any CPU.Build.0 = Debug|Any CPU
		{FF92378B-061C-41E8-86A1-94D5F013FC65}.Release|Any CPU.ActiveCfg = Release|Any CPU
		{FF92378B-061C-41E8-86A1-94D5F013FC65}.Release|Any CPU.Build.0 = Release|Any CPU
		{FF7AB2C1-F061-4B7B-9601-BA55D550EFB5}.Debug|Any CPU.ActiveCfg = Debug|Any CPU
		{FF7AB2C1-F061-4B7B-9601-BA55D550EFB5}.Debug|Any CPU.Build.0 = Debug|Any CPU
		{FF7AB2C1-F061-4B7B-9601-BA55D550EFB5}.Release|Any CPU.ActiveCfg = Release|Any CPU
		{FF7AB2C1-F061-4B7B-9601-BA55D550EFB5}.Release|Any CPU.Build.0 = Release|Any CPU
	EndGlobalSection
	GlobalSection(SolutionProperties) = preSolution
		HideSolutionNode = FALSE
	EndGlobalSection
	GlobalSection(ExtensibilityGlobals) = postSolution
		SolutionGuid = {369AB3E0-5078-407B-9923-DA2C70462E06}
	EndGlobalSection
EndGlobal
